
Microsoft Visual Studio Solution File, Format Version 12.00
# Visual Studio Version 17
VisualStudioVersion = 17.9.34701.34
MinimumVisualStudioVersion = 10.0.40219.1
Project("{2150E333-8FDC-42A3-9474-1A3956D46DE8}") = "Admin", "Admin", "{96333E15-96E9-497A-970A-638E0697C921}"
EndProject
Project("{2150E333-8FDC-42A3-9474-1A3956D46DE8}") = "1.UI", "1.UI", "{A3F7AF32-AF8A-4B27-AE44-ED7D6BB989A5}"
EndProject
Project("{2150E333-8FDC-42A3-9474-1A3956D46DE8}") = "2.Api", "2.Api", "{ACF83915-7269-4C65-AA13-5676E4B064B1}"
EndProject
Project("{2150E333-8FDC-42A3-9474-1A3956D46DE8}") = "3.Core", "3.Core", "{1A528261-C9B1-4A78-817B-5B114B78B77A}"
EndProject
Project("{2150E333-8FDC-42A3-9474-1A3956D46DE8}") = "4.Models", "4.Models", "{748A3FED-CE79-428F-93E5-08170A87CD4B}"
EndProject
Project("{2150E333-8FDC-42A3-9474-1A3956D46DE8}") = "Common", "Common", "{69779CC0-2675-412B-9F1A-F4160148EFE2}"
EndProject
Project("{9A19103F-16F7-4668-BE54-9A1E7A4F7556}") = "Admin.Entities", "Admin.Entities\Admin.Entities.csproj", "{98935126-C528-4313-95C6-8E388D2F459F}"
EndProject
Project("{9A19103F-16F7-4668-BE54-9A1E7A4F7556}") = "Admin.Repositories", "Admin.Repositories\Admin.Repositories.csproj", "{8C3B5C5A-7AAB-430D-AD2A-CC611E1DC843}"
EndProject
Project("{2150E333-8FDC-42A3-9474-1A3956D46DE8}") = "Elementos de la solución", "Elementos de la solución", "{D26C6A10-A71B-4BC1-9C46-80AB3C9559A7}"
	ProjectSection(SolutionItems) = preProject
		..\Api Admin.sql = ..\Api Admin.sql
		docker-compose.yml = docker-compose.yml
	EndProjectSection
EndProject
Project("{9A19103F-16F7-4668-BE54-9A1E7A4F7556}") = "Admin.UI", "Admin.UI\Admin.UI.csproj", "{B849EE7E-A1A4-41FB-A6F1-89ACE69D4449}"
EndProject
Project("{9A19103F-16F7-4668-BE54-9A1E7A4F7556}") = "Admin.DTO", "Admin.DTO\Admin.DTO.csproj", "{10891D65-7D0E-46B0-9EF3-25082441B2BF}"
EndProject
Project("{9A19103F-16F7-4668-BE54-9A1E7A4F7556}") = "Admin.Interfaces", "Admin.Interfaces\Admin.Interfaces.csproj", "{B499A3F4-6DE5-4B22-AC72-775732537F60}"
EndProject
Project("{9A19103F-16F7-4668-BE54-9A1E7A4F7556}") = "Admin.Services", "Admin.Services\Admin.Services.csproj", "{F95F7C3E-9ADD-4751-A127-E8F3785A8CF3}"
EndProject
Project("{9A19103F-16F7-4668-BE54-9A1E7A4F7556}") = "Admin.Api", "Admin.Api\Admin.Api.csproj", "{E7365115-055A-4BCE-9DC1-561D2E7CD1C5}"
EndProject
Project("{FAE04EC0-301F-11D3-BF4B-00C04F79EFBC}") = "Configuraciones", "Configurations\Configuraciones.csproj", "{AF36B6B6-D514-4C0E-B7A8-E53BD5B8ABF3}"
EndProject
Global
	GlobalSection(SolutionConfigurationPlatforms) = preSolution
		Debug|Any CPU = Debug|Any CPU
		Release|Any CPU = Release|Any CPU
	EndGlobalSection
	GlobalSection(ProjectConfigurationPlatforms) = postSolution
		{98935126-C528-4313-95C6-8E388D2F459F}.Debug|Any CPU.ActiveCfg = Debug|Any CPU
		{98935126-C528-4313-95C6-8E388D2F459F}.Debug|Any CPU.Build.0 = Debug|Any CPU
		{98935126-C528-4313-95C6-8E388D2F459F}.Release|Any CPU.ActiveCfg = Release|Any CPU
		{98935126-C528-4313-95C6-8E388D2F459F}.Release|Any CPU.Build.0 = Release|Any CPU
		{8C3B5C5A-7AAB-430D-AD2A-CC611E1DC843}.Debug|Any CPU.ActiveCfg = Debug|Any CPU
		{8C3B5C5A-7AAB-430D-AD2A-CC611E1DC843}.Debug|Any CPU.Build.0 = Debug|Any CPU
		{8C3B5C5A-7AAB-430D-AD2A-CC611E1DC843}.Release|Any CPU.ActiveCfg = Release|Any CPU
		{8C3B5C5A-7AAB-430D-AD2A-CC611E1DC843}.Release|Any CPU.Build.0 = Release|Any CPU
		{B849EE7E-A1A4-41FB-A6F1-89ACE69D4449}.Debug|Any CPU.ActiveCfg = Debug|Any CPU
		{B849EE7E-A1A4-41FB-A6F1-89ACE69D4449}.Debug|Any CPU.Build.0 = Debug|Any CPU
		{B849EE7E-A1A4-41FB-A6F1-89ACE69D4449}.Release|Any CPU.ActiveCfg = Release|Any CPU
		{B849EE7E-A1A4-41FB-A6F1-89ACE69D4449}.Release|Any CPU.Build.0 = Release|Any CPU
		{10891D65-7D0E-46B0-9EF3-25082441B2BF}.Debug|Any CPU.ActiveCfg = Debug|Any CPU
		{10891D65-7D0E-46B0-9EF3-25082441B2BF}.Debug|Any CPU.Build.0 = Debug|Any CPU
		{10891D65-7D0E-46B0-9EF3-25082441B2BF}.Release|Any CPU.ActiveCfg = Release|Any CPU
		{10891D65-7D0E-46B0-9EF3-25082441B2BF}.Release|Any CPU.Build.0 = Release|Any CPU
		{B499A3F4-6DE5-4B22-AC72-775732537F60}.Debug|Any CPU.ActiveCfg = Debug|Any CPU
		{B499A3F4-6DE5-4B22-AC72-775732537F60}.Debug|Any CPU.Build.0 = Debug|Any CPU
		{B499A3F4-6DE5-4B22-AC72-775732537F60}.Release|Any CPU.ActiveCfg = Release|Any CPU
		{B499A3F4-6DE5-4B22-AC72-775732537F60}.Release|Any CPU.Build.0 = Release|Any CPU
		{F95F7C3E-9ADD-4751-A127-E8F3785A8CF3}.Debug|Any CPU.ActiveCfg = Debug|Any CPU
		{F95F7C3E-9ADD-4751-A127-E8F3785A8CF3}.Debug|Any CPU.Build.0 = Debug|Any CPU
		{F95F7C3E-9ADD-4751-A127-E8F3785A8CF3}.Release|Any CPU.ActiveCfg = Release|Any CPU
		{F95F7C3E-9ADD-4751-A127-E8F3785A8CF3}.Release|Any CPU.Build.0 = Release|Any CPU
		{E7365115-055A-4BCE-9DC1-561D2E7CD1C5}.Debug|Any CPU.ActiveCfg = Debug|Any CPU
		{E7365115-055A-4BCE-9DC1-561D2E7CD1C5}.Debug|Any CPU.Build.0 = Debug|Any CPU
		{E7365115-055A-4BCE-9DC1-561D2E7CD1C5}.Release|Any CPU.ActiveCfg = Release|Any CPU
		{E7365115-055A-4BCE-9DC1-561D2E7CD1C5}.Release|Any CPU.Build.0 = Release|Any CPU
		{AF36B6B6-D514-4C0E-B7A8-E53BD5B8ABF3}.Debug|Any CPU.ActiveCfg = Debug|Any CPU
		{AF36B6B6-D514-4C0E-B7A8-E53BD5B8ABF3}.Debug|Any CPU.Build.0 = Debug|Any CPU
		{AF36B6B6-D514-4C0E-B7A8-E53BD5B8ABF3}.Release|Any CPU.ActiveCfg = Release|Any CPU
		{AF36B6B6-D514-4C0E-B7A8-E53BD5B8ABF3}.Release|Any CPU.Build.0 = Release|Any CPU
	EndGlobalSection
	GlobalSection(SolutionProperties) = preSolution
		HideSolutionNode = FALSE
	EndGlobalSection
	GlobalSection(NestedProjects) = preSolution
		{A3F7AF32-AF8A-4B27-AE44-ED7D6BB989A5} = {96333E15-96E9-497A-970A-638E0697C921}
		{ACF83915-7269-4C65-AA13-5676E4B064B1} = {96333E15-96E9-497A-970A-638E0697C921}
		{1A528261-C9B1-4A78-817B-5B114B78B77A} = {96333E15-96E9-497A-970A-638E0697C921}
		{748A3FED-CE79-428F-93E5-08170A87CD4B} = {96333E15-96E9-497A-970A-638E0697C921}
		{98935126-C528-4313-95C6-8E388D2F459F} = {748A3FED-CE79-428F-93E5-08170A87CD4B}
		{8C3B5C5A-7AAB-430D-AD2A-CC611E1DC843} = {748A3FED-CE79-428F-93E5-08170A87CD4B}
		{B849EE7E-A1A4-41FB-A6F1-89ACE69D4449} = {A3F7AF32-AF8A-4B27-AE44-ED7D6BB989A5}
		{10891D65-7D0E-46B0-9EF3-25082441B2BF} = {1A528261-C9B1-4A78-817B-5B114B78B77A}
		{B499A3F4-6DE5-4B22-AC72-775732537F60} = {1A528261-C9B1-4A78-817B-5B114B78B77A}
		{F95F7C3E-9ADD-4751-A127-E8F3785A8CF3} = {1A528261-C9B1-4A78-817B-5B114B78B77A}
		{E7365115-055A-4BCE-9DC1-561D2E7CD1C5} = {ACF83915-7269-4C65-AA13-5676E4B064B1}
		{AF36B6B6-D514-4C0E-B7A8-E53BD5B8ABF3} = {69779CC0-2675-412B-9F1A-F4160148EFE2}
	EndGlobalSection
	GlobalSection(ExtensibilityGlobals) = postSolution
		SolutionGuid = {2F2980DC-1C60-4CB7-A551-5CC360591DC1}
	EndGlobalSection
EndGlobal
