
Microsoft Visual Studio Solution File, Format Version 12.00
# Visual Studio Version 17
VisualStudioVersion = 17.9.34701.34
MinimumVisualStudioVersion = 10.0.40219.1
Project("{2150E333-8FDC-42A3-9474-1A3956D46DE8}") = "Admin", "Admin", "{96333E15-96E9-497A-970A-638E0697C921}"
EndProject
Project("{2150E333-8FDC-42A3-9474-1A3956D46DE8}") = "1.UI", "1.UI", "{A3F7AF32-AF8A-4B27-AE44-ED7D6BB989A5}"
EndProject
Project("{2150E333-8FDC-42A3-9474-1A3956D46DE8}") = "2.Api", "2.Api", "{ACF83915-7269-4C65-AA13-5676E4B064B1}"
EndProject
Project("{2150E333-8FDC-42A3-9474-1A3956D46DE8}") = "3.Core", "3.Core", "{1A528261-C9B1-4A78-817B-5B114B78B77A}"
EndProject
Project("{2150E333-8FDC-42A3-9474-1A3956D46DE8}") = "4.Models", "4.Models", "{748A3FED-CE79-428F-93E5-08170A87CD4B}"
EndProject
Project("{2150E333-8FDC-42A3-9474-1A3956D46DE8}") = "Common", "Common", "{69779CC0-2675-412B-9F1A-F4160148EFE2}"
EndProject
Project("{9A19103F-16F7-4668-BE54-9A1E7A4F7556}") = "Admin.Entities", "Admin.Entities\Admin.Entities.csproj", "{98935126-C528-4313-95C6-8E388D2F459F}"
EndProject
Project("{9A19103F-16F7-4668-BE54-9A1E7A4F7556}") = "Admin.Repositories", "Admin.Repositories\Admin.Repositories.csproj", "{8C3B5C5A-7AAB-430D-AD2A-CC611E1DC843}"
EndProject
Project("{2150E333-8FDC-42A3-9474-1A3956D46DE8}") = "Elementos de la solución", "Elementos de la solución", "{D26C6A10-A71B-4BC1-9C46-80AB3C9559A7}"
	ProjectSection(SolutionItems) = preProject
		..\Api Admin.sql = ..\Api Admin.sql
		docker-compose.yml = docker-compose.yml
	EndProjectSection
EndProject
Project("{9A19103F-16F7-4668-BE54-9A1E7A4F7556}") = "Admin.UI", "Admin.UI\Admin.UI.csproj", "{B849EE7E-A1A4-41FB-A6F1-89ACE69D4449}"
EndProject
Project("{9A19103F-16F7-4668-BE54-9A1E7A4F7556}") = "Admin.Interfaces", "Admin.Interfaces\Admin.Interfaces.csproj", "{B499A3F4-6DE5-4B22-AC72-775732537F60}"
EndProject
Project("{9A19103F-16F7-4668-BE54-9A1E7A4F7556}") = "Admin.Services", "Admin.Services\Admin.Services.csproj", "{F95F7C3E-9ADD-4751-A127-E8F3785A8CF3}"
EndProject
Project("{9A19103F-16F7-4668-BE54-9A1E7A4F7556}") = "Admin.Api", "Admin.Api\Admin.Api.csproj", "{E7365115-055A-4BCE-9DC1-561D2E7CD1C5}"
EndProject
Project("{9A19103F-16F7-4668-BE54-9A1E7A4F7556}") = "Configuraciones", "Configurations\Configuraciones.csproj", "{AF36B6B6-D514-4C0E-B7A8-E53BD5B8ABF3}"
EndProject
Project("{9A19103F-16F7-4668-BE54-9A1E7A4F7556}") = "ExternalConnections", "ExternalConnections\ExternalConnections.csproj", "{21177B2E-2680-4FB4-89FA-F4FABF3AB245}"
EndProject
Project("{9A19103F-16F7-4668-BE54-9A1E7A4F7556}") = "IoC", "IoC\IoC.csproj", "{45B19AA3-7DC8-48C3-A1FA-481AA6AA9DBE}"
EndProject
Project("{9A19103F-16F7-4668-BE54-9A1E7A4F7556}") = "Utilidades", "Utilidades\Utilidades.csproj", "{DDFE3EB1-7865-4321-805C-80A6F84D00DB}"
EndProject
Project("{2150E333-8FDC-42A3-9474-1A3956D46DE8}") = "Auth", "Auth", "{0A2F3903-BC1D-433D-BA49-CE053D51D69A}"
EndProject
Project("{9A19103F-16F7-4668-BE54-9A1E7A4F7556}") = "Auth.Api", "Auth.Api\Auth.Api.csproj", "{44B92E66-F587-43C7-819D-EB5CCA1A9580}"
EndProject
Project("{2150E333-8FDC-42A3-9474-1A3956D46DE8}") = "1.Api", "1.Api", "{9FFBD002-E26E-4618-82FA-6AB4C60CE7C3}"
EndProject
Project("{2150E333-8FDC-42A3-9474-1A3956D46DE8}") = "2.Core", "2.Core", "{BC5833D1-84A8-4D65-876A-BA00EE8DA396}"
EndProject
Project("{9A19103F-16F7-4668-BE54-9A1E7A4F7556}") = "Auth.DTO", "Auth.DTO\Auth.DTO.csproj", "{39AB32F6-B40C-4512-BA3A-4476985C71B1}"
EndProject
Project("{9A19103F-16F7-4668-BE54-9A1E7A4F7556}") = "Auth.Interfaces", "Auth.Interfaces\Auth.Interfaces.csproj", "{D43D9B8C-7F7F-4BE3-9ED3-FFFC827A604E}"
EndProject
Project("{9A19103F-16F7-4668-BE54-9A1E7A4F7556}") = "Auth.Services", "Auth.Services\Auth.Services.csproj", "{93007F0B-DB33-4939-8105-C4F5F79B5FDC}"
EndProject
Project("{2150E333-8FDC-42A3-9474-1A3956D46DE8}") = "3.Models", "3.Models", "{BF4216F4-4934-4072-A9B2-0FD2B8547B1C}"
EndProject
Project("{9A19103F-16F7-4668-BE54-9A1E7A4F7556}") = "Auth.Entities", "Auth.Entities\Auth.Entities.csproj", "{81CBC439-0933-4049-8996-93A47A6098D6}"
EndProject
Project("{9A19103F-16F7-4668-BE54-9A1E7A4F7556}") = "Auth.Repositories", "Auth.Repository\Auth.Repositories.csproj", "{662EC78A-7A20-4989-8A7C-F4E526F4479A}"
EndProject
Project("{9A19103F-16F7-4668-BE54-9A1E7A4F7556}") = "Interfaces", "Interfaces\Interfaces.csproj", "{B918D3AA-08ED-4681-B796-5829E05CA1B1}"
EndProject
Project("{9A19103F-16F7-4668-BE54-9A1E7A4F7556}") = "Admin.DTO", "Admin.DTO\Admin.DTO.csproj", "{E0030FF9-4601-4B35-B96A-150C15AC0F2C}"
EndProject
Project("{9A19103F-16F7-4668-BE54-9A1E7A4F7556}") = "DTO", "DTO\DTO.csproj", "{9AE71749-735F-469F-B9E9-247397D222ED}"
EndProject
Project("{9A19103F-16F7-4668-BE54-9A1E7A4F7556}") = "Exceptions", "Exceptions\Exceptions.csproj", "{50E6A93D-3BE2-4C7E-8A3F-5BAC4D729FBF}"
EndProject
Project("{FAE04EC0-301F-11D3-BF4B-00C04F79EFBC}") = "Admin.Validaciones", "Admin.Validaciones\Admin.Validaciones.csproj", "{F89BF483-52FE-4491-91CE-A149E51F4306}"
EndProject
Global
	GlobalSection(SolutionConfigurationPlatforms) = preSolution
		Debug|Any CPU = Debug|Any CPU
		Release|Any CPU = Release|Any CPU
	EndGlobalSection
	GlobalSection(ProjectConfigurationPlatforms) = postSolution
		{98935126-C528-4313-95C6-8E388D2F459F}.Debug|Any CPU.ActiveCfg = Debug|Any CPU
		{98935126-C528-4313-95C6-8E388D2F459F}.Debug|Any CPU.Build.0 = Debug|Any CPU
		{98935126-C528-4313-95C6-8E388D2F459F}.Release|Any CPU.ActiveCfg = Release|Any CPU
		{98935126-C528-4313-95C6-8E388D2F459F}.Release|Any CPU.Build.0 = Release|Any CPU
		{8C3B5C5A-7AAB-430D-AD2A-CC611E1DC843}.Debug|Any CPU.ActiveCfg = Debug|Any CPU
		{8C3B5C5A-7AAB-430D-AD2A-CC611E1DC843}.Debug|Any CPU.Build.0 = Debug|Any CPU
		{8C3B5C5A-7AAB-430D-AD2A-CC611E1DC843}.Release|Any CPU.ActiveCfg = Release|Any CPU
		{8C3B5C5A-7AAB-430D-AD2A-CC611E1DC843}.Release|Any CPU.Build.0 = Release|Any CPU
		{B849EE7E-A1A4-41FB-A6F1-89ACE69D4449}.Debug|Any CPU.ActiveCfg = Debug|Any CPU
		{B849EE7E-A1A4-41FB-A6F1-89ACE69D4449}.Debug|Any CPU.Build.0 = Debug|Any CPU
		{B849EE7E-A1A4-41FB-A6F1-89ACE69D4449}.Release|Any CPU.ActiveCfg = Release|Any CPU
		{B849EE7E-A1A4-41FB-A6F1-89ACE69D4449}.Release|Any CPU.Build.0 = Release|Any CPU
		{B499A3F4-6DE5-4B22-AC72-775732537F60}.Debug|Any CPU.ActiveCfg = Debug|Any CPU
		{B499A3F4-6DE5-4B22-AC72-775732537F60}.Debug|Any CPU.Build.0 = Debug|Any CPU
		{B499A3F4-6DE5-4B22-AC72-775732537F60}.Release|Any CPU.ActiveCfg = Release|Any CPU
		{B499A3F4-6DE5-4B22-AC72-775732537F60}.Release|Any CPU.Build.0 = Release|Any CPU
		{F95F7C3E-9ADD-4751-A127-E8F3785A8CF3}.Debug|Any CPU.ActiveCfg = Debug|Any CPU
		{F95F7C3E-9ADD-4751-A127-E8F3785A8CF3}.Debug|Any CPU.Build.0 = Debug|Any CPU
		{F95F7C3E-9ADD-4751-A127-E8F3785A8CF3}.Release|Any CPU.ActiveCfg = Release|Any CPU
		{F95F7C3E-9ADD-4751-A127-E8F3785A8CF3}.Release|Any CPU.Build.0 = Release|Any CPU
		{E7365115-055A-4BCE-9DC1-561D2E7CD1C5}.Debug|Any CPU.ActiveCfg = Debug|Any CPU
		{E7365115-055A-4BCE-9DC1-561D2E7CD1C5}.Debug|Any CPU.Build.0 = Debug|Any CPU
		{E7365115-055A-4BCE-9DC1-561D2E7CD1C5}.Release|Any CPU.ActiveCfg = Release|Any CPU
		{E7365115-055A-4BCE-9DC1-561D2E7CD1C5}.Release|Any CPU.Build.0 = Release|Any CPU
		{AF36B6B6-D514-4C0E-B7A8-E53BD5B8ABF3}.Debug|Any CPU.ActiveCfg = Debug|Any CPU
		{AF36B6B6-D514-4C0E-B7A8-E53BD5B8ABF3}.Debug|Any CPU.Build.0 = Debug|Any CPU
		{AF36B6B6-D514-4C0E-B7A8-E53BD5B8ABF3}.Release|Any CPU.ActiveCfg = Release|Any CPU
		{AF36B6B6-D514-4C0E-B7A8-E53BD5B8ABF3}.Release|Any CPU.Build.0 = Release|Any CPU
		{21177B2E-2680-4FB4-89FA-F4FABF3AB245}.Debug|Any CPU.ActiveCfg = Debug|Any CPU
		{21177B2E-2680-4FB4-89FA-F4FABF3AB245}.Debug|Any CPU.Build.0 = Debug|Any CPU
		{21177B2E-2680-4FB4-89FA-F4FABF3AB245}.Release|Any CPU.ActiveCfg = Release|Any CPU
		{21177B2E-2680-4FB4-89FA-F4FABF3AB245}.Release|Any CPU.Build.0 = Release|Any CPU
		{45B19AA3-7DC8-48C3-A1FA-481AA6AA9DBE}.Debug|Any CPU.ActiveCfg = Debug|Any CPU
		{45B19AA3-7DC8-48C3-A1FA-481AA6AA9DBE}.Debug|Any CPU.Build.0 = Debug|Any CPU
		{45B19AA3-7DC8-48C3-A1FA-481AA6AA9DBE}.Release|Any CPU.ActiveCfg = Release|Any CPU
		{45B19AA3-7DC8-48C3-A1FA-481AA6AA9DBE}.Release|Any CPU.Build.0 = Release|Any CPU
		{DDFE3EB1-7865-4321-805C-80A6F84D00DB}.Debug|Any CPU.ActiveCfg = Debug|Any CPU
		{DDFE3EB1-7865-4321-805C-80A6F84D00DB}.Debug|Any CPU.Build.0 = Debug|Any CPU
		{DDFE3EB1-7865-4321-805C-80A6F84D00DB}.Release|Any CPU.ActiveCfg = Release|Any CPU
		{DDFE3EB1-7865-4321-805C-80A6F84D00DB}.Release|Any CPU.Build.0 = Release|Any CPU
		{44B92E66-F587-43C7-819D-EB5CCA1A9580}.Debug|Any CPU.ActiveCfg = Debug|Any CPU
		{44B92E66-F587-43C7-819D-EB5CCA1A9580}.Debug|Any CPU.Build.0 = Debug|Any CPU
		{44B92E66-F587-43C7-819D-EB5CCA1A9580}.Release|Any CPU.ActiveCfg = Release|Any CPU
		{44B92E66-F587-43C7-819D-EB5CCA1A9580}.Release|Any CPU.Build.0 = Release|Any CPU
		{39AB32F6-B40C-4512-BA3A-4476985C71B1}.Debug|Any CPU.ActiveCfg = Debug|Any CPU
		{39AB32F6-B40C-4512-BA3A-4476985C71B1}.Debug|Any CPU.Build.0 = Debug|Any CPU
		{39AB32F6-B40C-4512-BA3A-4476985C71B1}.Release|Any CPU.ActiveCfg = Release|Any CPU
		{39AB32F6-B40C-4512-BA3A-4476985C71B1}.Release|Any CPU.Build.0 = Release|Any CPU
		{D43D9B8C-7F7F-4BE3-9ED3-FFFC827A604E}.Debug|Any CPU.ActiveCfg = Debug|Any CPU
		{D43D9B8C-7F7F-4BE3-9ED3-FFFC827A604E}.Debug|Any CPU.Build.0 = Debug|Any CPU
		{D43D9B8C-7F7F-4BE3-9ED3-FFFC827A604E}.Release|Any CPU.ActiveCfg = Release|Any CPU
		{D43D9B8C-7F7F-4BE3-9ED3-FFFC827A604E}.Release|Any CPU.Build.0 = Release|Any CPU
		{93007F0B-DB33-4939-8105-C4F5F79B5FDC}.Debug|Any CPU.ActiveCfg = Debug|Any CPU
		{93007F0B-DB33-4939-8105-C4F5F79B5FDC}.Debug|Any CPU.Build.0 = Debug|Any CPU
		{93007F0B-DB33-4939-8105-C4F5F79B5FDC}.Release|Any CPU.ActiveCfg = Release|Any CPU
		{93007F0B-DB33-4939-8105-C4F5F79B5FDC}.Release|Any CPU.Build.0 = Release|Any CPU
		{81CBC439-0933-4049-8996-93A47A6098D6}.Debug|Any CPU.ActiveCfg = Debug|Any CPU
		{81CBC439-0933-4049-8996-93A47A6098D6}.Debug|Any CPU.Build.0 = Debug|Any CPU
		{81CBC439-0933-4049-8996-93A47A6098D6}.Release|Any CPU.ActiveCfg = Release|Any CPU
		{81CBC439-0933-4049-8996-93A47A6098D6}.Release|Any CPU.Build.0 = Release|Any CPU
		{662EC78A-7A20-4989-8A7C-F4E526F4479A}.Debug|Any CPU.ActiveCfg = Debug|Any CPU
		{662EC78A-7A20-4989-8A7C-F4E526F4479A}.Debug|Any CPU.Build.0 = Debug|Any CPU
		{662EC78A-7A20-4989-8A7C-F4E526F4479A}.Release|Any CPU.ActiveCfg = Release|Any CPU
		{662EC78A-7A20-4989-8A7C-F4E526F4479A}.Release|Any CPU.Build.0 = Release|Any CPU
		{B918D3AA-08ED-4681-B796-5829E05CA1B1}.Debug|Any CPU.ActiveCfg = Debug|Any CPU
		{B918D3AA-08ED-4681-B796-5829E05CA1B1}.Debug|Any CPU.Build.0 = Debug|Any CPU
		{B918D3AA-08ED-4681-B796-5829E05CA1B1}.Release|Any CPU.ActiveCfg = Release|Any CPU
		{B918D3AA-08ED-4681-B796-5829E05CA1B1}.Release|Any CPU.Build.0 = Release|Any CPU
		{E0030FF9-4601-4B35-B96A-150C15AC0F2C}.Debug|Any CPU.ActiveCfg = Debug|Any CPU
		{E0030FF9-4601-4B35-B96A-150C15AC0F2C}.Debug|Any CPU.Build.0 = Debug|Any CPU
		{E0030FF9-4601-4B35-B96A-150C15AC0F2C}.Release|Any CPU.ActiveCfg = Release|Any CPU
		{E0030FF9-4601-4B35-B96A-150C15AC0F2C}.Release|Any CPU.Build.0 = Release|Any CPU
		{9AE71749-735F-469F-B9E9-247397D222ED}.Debug|Any CPU.ActiveCfg = Debug|Any CPU
		{9AE71749-735F-469F-B9E9-247397D222ED}.Debug|Any CPU.Build.0 = Debug|Any CPU
		{9AE71749-735F-469F-B9E9-247397D222ED}.Release|Any CPU.ActiveCfg = Release|Any CPU
		{9AE71749-735F-469F-B9E9-247397D222ED}.Release|Any CPU.Build.0 = Release|Any CPU
		{50E6A93D-3BE2-4C7E-8A3F-5BAC4D729FBF}.Debug|Any CPU.ActiveCfg = Debug|Any CPU
		{50E6A93D-3BE2-4C7E-8A3F-5BAC4D729FBF}.Debug|Any CPU.Build.0 = Debug|Any CPU
		{50E6A93D-3BE2-4C7E-8A3F-5BAC4D729FBF}.Release|Any CPU.ActiveCfg = Release|Any CPU
		{50E6A93D-3BE2-4C7E-8A3F-5BAC4D729FBF}.Release|Any CPU.Build.0 = Release|Any CPU
		{F89BF483-52FE-4491-91CE-A149E51F4306}.Debug|Any CPU.ActiveCfg = Debug|Any CPU
		{F89BF483-52FE-4491-91CE-A149E51F4306}.Debug|Any CPU.Build.0 = Debug|Any CPU
		{F89BF483-52FE-4491-91CE-A149E51F4306}.Release|Any CPU.ActiveCfg = Release|Any CPU
		{F89BF483-52FE-4491-91CE-A149E51F4306}.Release|Any CPU.Build.0 = Release|Any CPU
	EndGlobalSection
	GlobalSection(SolutionProperties) = preSolution
		HideSolutionNode = FALSE
	EndGlobalSection
	GlobalSection(NestedProjects) = preSolution
		{A3F7AF32-AF8A-4B27-AE44-ED7D6BB989A5} = {96333E15-96E9-497A-970A-638E0697C921}
		{ACF83915-7269-4C65-AA13-5676E4B064B1} = {96333E15-96E9-497A-970A-638E0697C921}
		{1A528261-C9B1-4A78-817B-5B114B78B77A} = {96333E15-96E9-497A-970A-638E0697C921}
		{748A3FED-CE79-428F-93E5-08170A87CD4B} = {96333E15-96E9-497A-970A-638E0697C921}
		{98935126-C528-4313-95C6-8E388D2F459F} = {748A3FED-CE79-428F-93E5-08170A87CD4B}
		{8C3B5C5A-7AAB-430D-AD2A-CC611E1DC843} = {748A3FED-CE79-428F-93E5-08170A87CD4B}
		{B849EE7E-A1A4-41FB-A6F1-89ACE69D4449} = {A3F7AF32-AF8A-4B27-AE44-ED7D6BB989A5}
		{B499A3F4-6DE5-4B22-AC72-775732537F60} = {1A528261-C9B1-4A78-817B-5B114B78B77A}
		{F95F7C3E-9ADD-4751-A127-E8F3785A8CF3} = {1A528261-C9B1-4A78-817B-5B114B78B77A}
		{E7365115-055A-4BCE-9DC1-561D2E7CD1C5} = {ACF83915-7269-4C65-AA13-5676E4B064B1}
		{AF36B6B6-D514-4C0E-B7A8-E53BD5B8ABF3} = {69779CC0-2675-412B-9F1A-F4160148EFE2}
		{21177B2E-2680-4FB4-89FA-F4FABF3AB245} = {69779CC0-2675-412B-9F1A-F4160148EFE2}
		{45B19AA3-7DC8-48C3-A1FA-481AA6AA9DBE} = {69779CC0-2675-412B-9F1A-F4160148EFE2}
		{DDFE3EB1-7865-4321-805C-80A6F84D00DB} = {69779CC0-2675-412B-9F1A-F4160148EFE2}
		{44B92E66-F587-43C7-819D-EB5CCA1A9580} = {9FFBD002-E26E-4618-82FA-6AB4C60CE7C3}
		{9FFBD002-E26E-4618-82FA-6AB4C60CE7C3} = {0A2F3903-BC1D-433D-BA49-CE053D51D69A}
		{BC5833D1-84A8-4D65-876A-BA00EE8DA396} = {0A2F3903-BC1D-433D-BA49-CE053D51D69A}
		{39AB32F6-B40C-4512-BA3A-4476985C71B1} = {BC5833D1-84A8-4D65-876A-BA00EE8DA396}
		{D43D9B8C-7F7F-4BE3-9ED3-FFFC827A604E} = {BC5833D1-84A8-4D65-876A-BA00EE8DA396}
		{93007F0B-DB33-4939-8105-C4F5F79B5FDC} = {BC5833D1-84A8-4D65-876A-BA00EE8DA396}
		{BF4216F4-4934-4072-A9B2-0FD2B8547B1C} = {0A2F3903-BC1D-433D-BA49-CE053D51D69A}
		{81CBC439-0933-4049-8996-93A47A6098D6} = {BF4216F4-4934-4072-A9B2-0FD2B8547B1C}
		{662EC78A-7A20-4989-8A7C-F4E526F4479A} = {BF4216F4-4934-4072-A9B2-0FD2B8547B1C}
		{B918D3AA-08ED-4681-B796-5829E05CA1B1} = {69779CC0-2675-412B-9F1A-F4160148EFE2}
		{E0030FF9-4601-4B35-B96A-150C15AC0F2C} = {1A528261-C9B1-4A78-817B-5B114B78B77A}
		{9AE71749-735F-469F-B9E9-247397D222ED} = {69779CC0-2675-412B-9F1A-F4160148EFE2}
		{50E6A93D-3BE2-4C7E-8A3F-5BAC4D729FBF} = {69779CC0-2675-412B-9F1A-F4160148EFE2}
		{F89BF483-52FE-4491-91CE-A149E51F4306} = {1A528261-C9B1-4A78-817B-5B114B78B77A}
	EndGlobalSection
	GlobalSection(ExtensibilityGlobals) = postSolution
		SolutionGuid = {2F2980DC-1C60-4CB7-A551-5CC360591DC1}
	EndGlobalSection
EndGlobal
